{
  "name": "eval-cards-backend-pipeline",
  "version": "1.0.0",
  "lockfileVersion": 3,
  "requires": true,
  "packages": {
    "": {
      "name": "eval-cards-backend-pipeline",
      "version": "1.0.0",
      "dependencies": {
        "@duckdb/node-api": "^1.5.1-r.1",
        "@huggingface/hub": "^2.11.0"
      }
    },
    "node_modules/@duckdb/node-api": {
      "version": "1.5.1-r.1",
      "resolved": "https://registry.npmjs.org/@duckdb/node-api/-/node-api-1.5.1-r.1.tgz",
      "integrity": "sha512-8U8p44ZL4rJtUrgVaSLm2hOMk3XTwEgs5eJoxYiR6iQXKVEr8vi6z3Vrxhb61g9sgsEZIAmckD7e3zZ1lmPHYA==",
      "license": "MIT",
      "dependencies": {
        "@duckdb/node-bindings": "1.5.1-r.1"
      }
    },
    "node_modules/@duckdb/node-bindings": {
      "version": "1.5.1-r.1",
      "resolved": "https://registry.npmjs.org/@duckdb/node-bindings/-/node-bindings-1.5.1-r.1.tgz",
      "integrity": "sha512-3vmIlY/ACTLutlMup4F+D2Gzo+kiUoMaIL4TvM4x34cMqnKfsZ+4lMjqfSKYmdcgNGXYXwPwIYaJlvMRhU3Tbg==",
      "license": "MIT",
      "optionalDependencies": {
        "@duckdb/node-bindings-darwin-arm64": "1.5.1-r.1",
        "@duckdb/node-bindings-darwin-x64": "1.5.1-r.1",
        "@duckdb/node-bindings-linux-arm64": "1.5.1-r.1",
        "@duckdb/node-bindings-linux-x64": "1.5.1-r.1",
        "@duckdb/node-bindings-win32-arm64": "1.5.1-r.1",
        "@duckdb/node-bindings-win32-x64": "1.5.1-r.1"
      }
    },
    "node_modules/@duckdb/node-bindings-darwin-arm64": {
      "version": "1.5.1-r.1",
      "resolved": "https://registry.npmjs.org/@duckdb/node-bindings-darwin-arm64/-/node-bindings-darwin-arm64-1.5.1-r.1.tgz",
      "integrity": "sha512-vm0Q/P8/OB/ZDITNTUe80emlg0b7/EcqTPBRu4GmULbt/fFDtkEAjDHDblKZL1yazf7X6JFEabHBGuWL5jmjEw==",
      "cpu": [
        "arm64"
      ],
      "license": "MIT",
      "optional": true,
      "os": [
        "darwin"
      ]
    },
    "node_modules/@duckdb/node-bindings-darwin-x64": {
      "version": "1.5.1-r.1",
      "resolved": "https://registry.npmjs.org/@duckdb/node-bindings-darwin-x64/-/node-bindings-darwin-x64-1.5.1-r.1.tgz",
      "integrity": "sha512-GOKWYbOP1v5jppGjlCaQzvyzVnY8/dGd7UJcnT213uiSMq/mtQk2yvzZCPhq7UdxmqR0TSd+TKttpozd8ANyOQ==",
      "cpu": [
        "x64"
      ],
      "license": "MIT",
      "optional": true,
      "os": [
        "darwin"
      ]
    },
    "node_modules/@duckdb/node-bindings-linux-arm64": {
      "version": "1.5.1-r.1",
      "resolved": "https://registry.npmjs.org/@duckdb/node-bindings-linux-arm64/-/node-bindings-linux-arm64-1.5.1-r.1.tgz",
      "integrity": "sha512-b0tHCtC+GZnD6gJA+ldUwy8FhnugR1Uq0/LjLiusOQOoK5pRXyfiQjgIe/SiKSeE5iEr+FWUXEprSD81HOaaQg==",
      "cpu": [
        "arm64"
      ],
      "license": "MIT",
      "optional": true,
      "os": [
        "linux"
      ]
    },
    "node_modules/@duckdb/node-bindings-linux-x64": {
      "version": "1.5.1-r.1",
      "resolved": "https://registry.npmjs.org/@duckdb/node-bindings-linux-x64/-/node-bindings-linux-x64-1.5.1-r.1.tgz",
      "integrity": "sha512-AczM4qyMuMXHIa7w1YacIu6FFPpwzUsQSkPUFKsAJzyuRcxAlGEwt+2GnVZSACGQFpKbL9nAkuu3Icq6ttxwag==",
      "cpu": [
        "x64"
      ],
      "license": "MIT",
      "optional": true,
      "os": [
        "linux"
      ]
    },
    "node_modules/@duckdb/node-bindings-win32-arm64": {
      "version": "1.5.1-r.1",
      "resolved": "https://registry.npmjs.org/@duckdb/node-bindings-win32-arm64/-/node-bindings-win32-arm64-1.5.1-r.1.tgz",
      "integrity": "sha512-SrgAiFttkfFXCCAMrmMBWtnBMtEjVaC38XtG6zEdbvmp2RTEPo/dFcvRP75vS/Hm5Iq8Tgiuoq4tIdovwEw5yg==",
      "cpu": [
        "arm64"
      ],
      "license": "MIT",
      "optional": true,
      "os": [
        "win32"
      ]
    },
    "node_modules/@duckdb/node-bindings-win32-x64": {
      "version": "1.5.1-r.1",
      "resolved": "https://registry.npmjs.org/@duckdb/node-bindings-win32-x64/-/node-bindings-win32-x64-1.5.1-r.1.tgz",
      "integrity": "sha512-JkL9xvXx9i8ceU1fGJsb9gqgRn30RFi0HyfpuESK2AZInKx5mJn8fvYcj4AQg/Ip9SZ1S4a2Jh5DOFY81koubw==",
      "cpu": [
        "x64"
      ],
      "license": "MIT",
      "optional": true,
      "os": [
        "win32"
      ]
    },
    "node_modules/@huggingface/hub": {
      "version": "2.11.0",
      "resolved": "https://registry.npmjs.org/@huggingface/hub/-/hub-2.11.0.tgz",
      "integrity": "sha512-WS6QGaXYeBVFlaB4SOn6z4LGUpLB5kRZNL08uUni4izX353KxiwwZMK5+/AWX86MJh8SMZNa/JFcvFCcQsbszQ==",
      "license": "MIT",
      "dependencies": {
        "@huggingface/tasks": "^0.19.90"
      },
      "bin": {
        "hfjs": "dist/cli.js"
      },
      "engines": {
        "node": ">=18"
      },
      "optionalDependencies": {
        "cli-progress": "^3.12.0"
      }
    },
    "node_modules/@huggingface/tasks": {
      "version": "0.19.90",
      "resolved": "https://registry.npmjs.org/@huggingface/tasks/-/tasks-0.19.90.tgz",
      "integrity": "sha512-nfV9luJbvwGQ/5oKXkKhCV9h4X7mwh1YaGG3ORd6UMLDSwr1OFSSatcBX0O9OtBtmNK19aGSjbLFqqgcIR6+IA==",
      "license": "MIT"
    },
    "node_modules/ansi-regex": {
      "version": "5.0.1",
      "resolved": "https://registry.npmjs.org/ansi-regex/-/ansi-regex-5.0.1.tgz",
      "integrity": "sha512-quJQXlTSUGL2LH9SUXo8VwsY4soanhgo6LNSm84E1LBcE8s3O0wpdiRzyR9z/ZZJMlMWv37qOOb9pdJlMUEKFQ==",
      "license": "MIT",
      "optional": true,
      "engines": {
        "node": ">=8"
      }
    },
    "node_modules/cli-progress": {
      "version": "3.12.0",
      "resolved": "https://registry.npmjs.org/cli-progress/-/cli-progress-3.12.0.tgz",
      "integrity": "sha512-tRkV3HJ1ASwm19THiiLIXLO7Im7wlTuKnvkYaTkyoAPefqjNg7W7DHKUlGRxy9vxDvbyCYQkQozvptuMkGCg8A==",
      "license": "MIT",
      "optional": true,
      "dependencies": {
        "string-width": "^4.2.3"
      },
      "engines": {
        "node": ">=4"
      }
    },
    "node_modules/emoji-regex": {
      "version": "8.0.0",
      "resolved": "https://registry.npmjs.org/emoji-regex/-/emoji-regex-8.0.0.tgz",
      "integrity": "sha512-MSjYzcWNOA0ewAHpz0MxpYFvwg6yjy1NG3xteoqz644VCo/RPgnr1/GGt+ic3iJTzQ8Eu3TdM14SawnVUmGE6A==",
      "license": "MIT",
      "optional": true
    },
    "node_modules/is-fullwidth-code-point": {
      "version": "3.0.0",
      "resolved": "https://registry.npmjs.org/is-fullwidth-code-point/-/is-fullwidth-code-point-3.0.0.tgz",
      "integrity": "sha512-zymm5+u+sCsSWyD9qNaejV3DFvhCKclKdizYaJUuHA83RLjb7nSuGnddCHGv0hk+KY7BMAlsWeK4Ueg6EV6XQg==",
      "license": "MIT",
      "optional": true,
      "engines": {
        "node": ">=8"
      }
    },
    "node_modules/string-width": {
      "version": "4.2.3",
      "resolved": "https://registry.npmjs.org/string-width/-/string-width-4.2.3.tgz",
      "integrity": "sha512-wKyQRQpjJ0sIp62ErSZdGsjMJWsap5oRNihHhu6G7JVO/9jIB6UyevL+tXuOqrng8j/cxKTWyWUwvSTriiZz/g==",
      "license": "MIT",
      "optional": true,
      "dependencies": {
        "emoji-regex": "^8.0.0",
        "is-fullwidth-code-point": "^3.0.0",
        "strip-ansi": "^6.0.1"
      },
      "engines": {
        "node": ">=8"
      }
    },
    "node_modules/strip-ansi": {
      "version": "6.0.1",
      "resolved": "https://registry.npmjs.org/strip-ansi/-/strip-ansi-6.0.1.tgz",
      "integrity": "sha512-Y38VPSHcqkFrCpFnQ9vuSXmquuv5oXOKpGeT6aGrr3o3Gc9AlVa6JBfUSOCnbxGGZF+/0ooI7KrPuUSztUdU5A==",
      "license": "MIT",
      "optional": true,
      "dependencies": {
        "ansi-regex": "^5.0.1"
      },
      "engines": {
        "node": ">=8"
      }
    }
  }
}
